
Microsoft Visual Studio Solution File, Format Version 12.00
# Visual Studio Version 17
VisualStudioVersion = 17.4.33213.308
MinimumVisualStudioVersion = 10.0.40219.1
Project("{9A19103F-16F7-4668-BE54-9A1E7A4F7556}") = "DotNetEnglishP5", "DotNetEnglishP5\DotNetEnglishP5.csproj", "{5B7F00BB-64C1-48D7-AFBF-5BE324C6E549}"
EndProject
Project("{FAE04EC0-301F-11D3-BF4B-00C04F79EFBC}") = "DotNetEnglishP5.Tests", "DotNetEnglishP5.Tests\DotNetEnglishP5.Tests.csproj", "{2FF99183-594C-4B10-A91E-D55817DF5731}"
EndProject
Global
	GlobalSection(SolutionConfigurationPlatforms) = preSolution
		Debug|Any CPU = Debug|Any CPU
		Release|Any CPU = Release|Any CPU
	EndGlobalSection
	GlobalSection(ProjectConfigurationPlatforms) = postSolution
		{5B7F00BB-64C1-48D7-AFBF-5BE324C6E549}.Debug|Any CPU.ActiveCfg = Debug|Any CPU
		{5B7F00BB-64C1-48D7-AFBF-5BE324C6E549}.Debug|Any CPU.Build.0 = Debug|Any CPU
		{5B7F00BB-64C1-48D7-AFBF-5BE324C6E549}.Release|Any CPU.ActiveCfg = Release|Any CPU
		{5B7F00BB-64C1-48D7-AFBF-5BE324C6E549}.Release|Any CPU.Build.0 = Release|Any CPU
		{2FF99183-594C-4B10-A91E-D55817DF5731}.Debug|Any CPU.ActiveCfg = Debug|Any CPU
		{2FF99183-594C-4B10-A91E-D55817DF5731}.Debug|Any CPU.Build.0 = Debug|Any CPU
		{2FF99183-594C-4B10-A91E-D55817DF5731}.Release|Any CPU.ActiveCfg = Release|Any CPU
		{2FF99183-594C-4B10-A91E-D55817DF5731}.Release|Any CPU.Build.0 = Release|Any CPU
	EndGlobalSection
	GlobalSection(SolutionProperties) = preSolution
		HideSolutionNode = FALSE
	EndGlobalSection
	GlobalSection(ExtensibilityGlobals) = postSolution
		SolutionGuid = {CD2109EF-4657-4AFF-ACBF-EE8FFE4F6CC9}
	EndGlobalSection
EndGlobal
